// !$*UTF8*$!
{
	archiveVersion = 1;
	classes = {
	};
	objectVersion = 56;
	objects = {

/* Begin PBXBuildFile section */
		93146B292A093E0F00964F9E /* HalteApp.swift in Sources */ = {isa = PBXBuildFile; fileRef = 93146B282A093E0F00964F9E /* HalteApp.swift */; };
		93146B2B2A093E0F00964F9E /* ContentView.swift in Sources */ = {isa = PBXBuildFile; fileRef = 93146B2A2A093E0F00964F9E /* ContentView.swift */; };
		93146B2D2A093E1000964F9E /* Assets.xcassets in Resources */ = {isa = PBXBuildFile; fileRef = 93146B2C2A093E1000964F9E /* Assets.xcassets */; };
		93146B302A093E1000964F9E /* Preview Assets.xcassets in Resources */ = {isa = PBXBuildFile; fileRef = 93146B2F2A093E1000964F9E /* Preview Assets.xcassets */; };
		93146B3B2A093E1000964F9E /* HalteTests.swift in Sources */ = {isa = PBXBuildFile; fileRef = 93146B3A2A093E1000964F9E /* HalteTests.swift */; };
		93146B452A093E1000964F9E /* HalteUITests.swift in Sources */ = {isa = PBXBuildFile; fileRef = 93146B442A093E1000964F9E /* HalteUITests.swift */; };
		93146B472A093E1000964F9E /* HalteUITestsLaunchTests.swift in Sources */ = {isa = PBXBuildFile; fileRef = 93146B462A093E1000964F9E /* HalteUITestsLaunchTests.swift */; };
/* End PBXBuildFile section */

/* Begin PBXContainerItemProxy section */
		93146B372A093E1000964F9E /* PBXContainerItemProxy */ = {
			isa = PBXContainerItemProxy;
			containerPortal = 93146B1D2A093E0F00964F9E /* Project object */;
			proxyType = 1;
			remoteGlobalIDString = 93146B242A093E0F00964F9E;
			remoteInfo = Halte;
		};
		93146B412A093E1000964F9E /* PBXContainerItemProxy */ = {
			isa = PBXContainerItemProxy;
			containerPortal = 93146B1D2A093E0F00964F9E /* Project object */;
			proxyType = 1;
			remoteGlobalIDString = 93146B242A093E0F00964F9E;
			remoteInfo = Halte;
		};
/* End PBXContainerItemProxy section */

/* Begin PBXFileReference section */
		93146B252A093E0F00964F9E /* Halte.app */ = {isa = PBXFileReference; explicitFileType = wrapper.application; includeInIndex = 0; path = Halte.app; sourceTree = BUILT_PRODUCTS_DIR; };
		93146B282A093E0F00964F9E /* HalteApp.swift */ = {isa = PBXFileReference; lastKnownFileType = sourcecode.swift; path = HalteApp.swift; sourceTree = "<group>"; };
		93146B2A2A093E0F00964F9E /* ContentView.swift */ = {isa = PBXFileReference; lastKnownFileType = sourcecode.swift; path = ContentView.swift; sourceTree = "<group>"; };
		93146B2C2A093E1000964F9E /* Assets.xcassets */ = {isa = PBXFileReference; lastKnownFileType = folder.assetcatalog; path = Assets.xcassets; sourceTree = "<group>"; };
		93146B2F2A093E1000964F9E /* Preview Assets.xcassets */ = {isa = PBXFileReference; lastKnownFileType = folder.assetcatalog; path = "Preview Assets.xcassets"; sourceTree = "<group>"; };
		93146B312A093E1000964F9E /* Halte.entitlements */ = {isa = PBXFileReference; lastKnownFileType = text.plist.entitlements; path = Halte.entitlements; sourceTree = "<group>"; };
		93146B362A093E1000964F9E /* HalteTests.xctest */ = {isa = PBXFileReference; explicitFileType = wrapper.cfbundle; includeInIndex = 0; path = HalteTests.xctest; sourceTree = BUILT_PRODUCTS_DIR; };
		93146B3A2A093E1000964F9E /* HalteTests.swift */ = {isa = PBXFileReference; lastKnownFileType = sourcecode.swift; path = HalteTests.swift; sourceTree = "<group>"; };
		93146B402A093E1000964F9E /* HalteUITests.xctest */ = {isa = PBXFileReference; explicitFileType = wrapper.cfbundle; includeInIndex = 0; path = HalteUITests.xctest; sourceTree = BUILT_PRODUCTS_DIR; };
		93146B442A093E1000964F9E /* HalteUITests.swift */ = {isa = PBXFileReference; lastKnownFileType = sourcecode.swift; path = HalteUITests.swift; sourceTree = "<group>"; };
		93146B462A093E1000964F9E /* HalteUITestsLaunchTests.swift */ = {isa = PBXFileReference; lastKnownFileType = sourcecode.swift; path = HalteUITestsLaunchTests.swift; sourceTree = "<group>"; };
/* End PBXFileReference section */

/* Begin PBXFrameworksBuildPhase section */
		93146B222A093E0F00964F9E /* Frameworks */ = {
			isa = PBXFrameworksBuildPhase;
			buildActionMask = 2147483647;
			files = (
			);
			runOnlyForDeploymentPostprocessing = 0;
		};
		93146B332A093E1000964F9E /* Frameworks */ = {
			isa = PBXFrameworksBuildPhase;
			buildActionMask = 2147483647;
			files = (
			);
			runOnlyForDeploymentPostprocessing = 0;
		};
		93146B3D2A093E1000964F9E /* Frameworks */ = {
			isa = PBXFrameworksBuildPhase;
			buildActionMask = 2147483647;
			files = (
			);
			runOnlyForDeploymentPostprocessing = 0;
		};
/* End PBXFrameworksBuildPhase section */

/* Begin PBXGroup section */
		93146B1C2A093E0F00964F9E = {
			isa = PBXGroup;
			children = (
				93146B272A093E0F00964F9E /* Halte */,
				93146B392A093E1000964F9E /* HalteTests */,
				93146B432A093E1000964F9E /* HalteUITests */,
				93146B262A093E0F00964F9E /* Products */,
			);
			sourceTree = "<group>";
		};
		93146B262A093E0F00964F9E /* Products */ = {
			isa = PBXGroup;
			children = (
				93146B252A093E0F00964F9E /* Halte.app */,
				93146B362A093E1000964F9E /* HalteTests.xctest */,
				93146B402A093E1000964F9E /* HalteUITests.xctest */,
			);
			name = Products;
			sourceTree = "<group>";
		};
		93146B272A093E0F00964F9E /* Halte */ = {
			isa = PBXGroup;
			children = (
				93146B282A093E0F00964F9E /* HalteApp.swift */,
				93146B2A2A093E0F00964F9E /* ContentView.swift */,
				93146B2C2A093E1000964F9E /* Assets.xcassets */,
				93146B312A093E1000964F9E /* Halte.entitlements */,
				93146B2E2A093E1000964F9E /* Preview Content */,
			);
			path = Halte;
			sourceTree = "<group>";
		};
		93146B2E2A093E1000964F9E /* Preview Content */ = {
			isa = PBXGroup;
			children = (
				93146B2F2A093E1000964F9E /* Preview Assets.xcassets */,
			);
			path = "Preview Content";
			sourceTree = "<group>";
		};
		93146B392A093E1000964F9E /* HalteTests */ = {
			isa = PBXGroup;
			children = (
				93146B3A2A093E1000964F9E /* HalteTests.swift */,
			);
			path = HalteTests;
			sourceTree = "<group>";
		};
		93146B432A093E1000964F9E /* HalteUITests */ = {
			isa = PBXGroup;
			children = (
				93146B442A093E1000964F9E /* HalteUITests.swift */,
				93146B462A093E1000964F9E /* HalteUITestsLaunchTests.swift */,
			);
			path = HalteUITests;
			sourceTree = "<group>";
		};
/* End PBXGroup section */

/* Begin PBXNativeTarget section */
		93146B242A093E0F00964F9E /* Halte */ = {
			isa = PBXNativeTarget;
			buildConfigurationList = 93146B4A2A093E1000964F9E /* Build configuration list for PBXNativeTarget "Halte" */;
			buildPhases = (
				93146B212A093E0F00964F9E /* Sources */,
				93146B222A093E0F00964F9E /* Frameworks */,
				93146B232A093E0F00964F9E /* Resources */,
			);
			buildRules = (
			);
			dependencies = (
			);
			name = Halte;
			productName = Halte;
			productReference = 93146B252A093E0F00964F9E /* Halte.app */;
			productType = "com.apple.product-type.application";
		};
		93146B352A093E1000964F9E /* HalteTests */ = {
			isa = PBXNativeTarget;
			buildConfigurationList = 93146B4D2A093E1000964F9E /* Build configuration list for PBXNativeTarget "HalteTests" */;
			buildPhases = (
				93146B322A093E1000964F9E /* Sources */,
				93146B332A093E1000964F9E /* Frameworks */,
				93146B342A093E1000964F9E /* Resources */,
			);
			buildRules = (
			);
			dependencies = (
				93146B382A093E1000964F9E /* PBXTargetDependency */,
			);
			name = HalteTests;
			productName = HalteTests;
			productReference = 93146B362A093E1000964F9E /* HalteTests.xctest */;
			productType = "com.apple.product-type.bundle.unit-test";
		};
		93146B3F2A093E1000964F9E /* HalteUITests */ = {
			isa = PBXNativeTarget;
			buildConfigurationList = 93146B502A093E1000964F9E /* Build configuration list for PBXNativeTarget "HalteUITests" */;
			buildPhases = (
				93146B3C2A093E1000964F9E /* Sources */,
				93146B3D2A093E1000964F9E /* Frameworks */,
				93146B3E2A093E1000964F9E /* Resources */,
			);
			buildRules = (
			);
			dependencies = (
				93146B422A093E1000964F9E /* PBXTargetDependency */,
			);
			name = HalteUITests;
			productName = HalteUITests;
			productReference = 93146B402A093E1000964F9E /* HalteUITests.xctest */;
			productType = "com.apple.product-type.bundle.ui-testing";
		};
/* End PBXNativeTarget section */

/* Begin PBXProject section */
		93146B1D2A093E0F00964F9E /* Project object */ = {
			isa = PBXProject;
			attributes = {
				BuildIndependentTargetsInParallel = 1;
				LastSwiftUpdateCheck = 1430;
				LastUpgradeCheck = 1430;
				TargetAttributes = {
					93146B242A093E0F00964F9E = {
						CreatedOnToolsVersion = 14.3;
					};
					93146B352A093E1000964F9E = {
						CreatedOnToolsVersion = 14.3;
						TestTargetID = 93146B242A093E0F00964F9E;
					};
					93146B3F2A093E1000964F9E = {
						CreatedOnToolsVersion = 14.3;
						TestTargetID = 93146B242A093E0F00964F9E;
					};
				};
			};
			buildConfigurationList = 93146B202A093E0F00964F9E /* Build configuration list for PBXProject "Halte" */;
			compatibilityVersion = "Xcode 14.0";
			developmentRegion = en;
			hasScannedForEncodings = 0;
			knownRegions = (
				en,
				Base,
			);
			mainGroup = 93146B1C2A093E0F00964F9E;
			productRefGroup = 93146B262A093E0F00964F9E /* Products */;
			projectDirPath = "";
			projectRoot = "";
			targets = (
				93146B242A093E0F00964F9E /* Halte */,
				93146B352A093E1000964F9E /* HalteTests */,
				93146B3F2A093E1000964F9E /* HalteUITests */,
			);
		};
/* End PBXProject section */

/* Begin PBXResourcesBuildPhase section */
		93146B232A093E0F00964F9E /* Resources */ = {
			isa = PBXResourcesBuildPhase;
			buildActionMask = 2147483647;
			files = (
				93146B302A093E1000964F9E /* Preview Assets.xcassets in Resources */,
				93146B2D2A093E1000964F9E /* Assets.xcassets in Resources */,
			);
			runOnlyForDeploymentPostprocessing = 0;
		};
		93146B342A093E1000964F9E /* Resources */ = {
			isa = PBXResourcesBuildPhase;
			buildActionMask = 2147483647;
			files = (
			);
			runOnlyForDeploymentPostprocessing = 0;
		};
		93146B3E2A093E1000964F9E /* Resources */ = {
			isa = PBXResourcesBuildPhase;
			buildActionMask = 2147483647;
			files = (
			);
			runOnlyForDeploymentPostprocessing = 0;
		};
/* End PBXResourcesBuildPhase section */

/* Begin PBXSourcesBuildPhase section */
		93146B212A093E0F00964F9E /* Sources */ = {
			isa = PBXSourcesBuildPhase;
			buildActionMask = 2147483647;
			files = (
				93146B2B2A093E0F00964F9E /* ContentView.swift in Sources */,
				93146B292A093E0F00964F9E /* HalteApp.swift in Sources */,
			);
			runOnlyForDeploymentPostprocessing = 0;
		};
		93146B322A093E1000964F9E /* Sources */ = {
			isa = PBXSourcesBuildPhase;
			buildActionMask = 2147483647;
			files = (
				93146B3B2A093E1000964F9E /* HalteTests.swift in Sources */,
			);
			runOnlyForDeploymentPostprocessing = 0;
		};
		93146B3C2A093E1000964F9E /* Sources */ = {
			isa = PBXSourcesBuildPhase;
			buildActionMask = 2147483647;
			files = (
				93146B452A093E1000964F9E /* HalteUITests.swift in Sources */,
				93146B472A093E1000964F9E /* HalteUITestsLaunchTests.swift in Sources */,
			);
			runOnlyForDeploymentPostprocessing = 0;
		};
/* End PBXSourcesBuildPhase section */

/* Begin PBXTargetDependency section */
		93146B382A093E1000964F9E /* PBXTargetDependency */ = {
			isa = PBXTargetDependency;
			target = 93146B242A093E0F00964F9E /* Halte */;
			targetProxy = 93146B372A093E1000964F9E /* PBXContainerItemProxy */;
		};
		93146B422A093E1000964F9E /* PBXTargetDependency */ = {
			isa = PBXTargetDependency;
			target = 93146B242A093E0F00964F9E /* Halte */;
			targetProxy = 93146B412A093E1000964F9E /* PBXContainerItemProxy */;
		};
/* End PBXTargetDependency section */

/* Begin XCBuildConfiguration section */
		93146B482A093E1000964F9E /* Debug */ = {
			isa = XCBuildConfiguration;
			buildSettings = {
				ALWAYS_SEARCH_USER_PATHS = NO;
				CLANG_ANALYZER_NONNULL = YES;
				CLANG_ANALYZER_NUMBER_OBJECT_CONVERSION = YES_AGGRESSIVE;
				CLANG_CXX_LANGUAGE_STANDARD = "gnu++20";
				CLANG_ENABLE_MODULES = YES;
				CLANG_ENABLE_OBJC_ARC = YES;
				CLANG_ENABLE_OBJC_WEAK = YES;
				CLANG_WARN_BLOCK_CAPTURE_AUTORELEASING = YES;
				CLANG_WARN_BOOL_CONVERSION = YES;
				CLANG_WARN_COMMA = YES;
				CLANG_WARN_CONSTANT_CONVERSION = YES;
				CLANG_WARN_DEPRECATED_OBJC_IMPLEMENTATIONS = YES;
				CLANG_WARN_DIRECT_OBJC_ISA_USAGE = YES_ERROR;
				CLANG_WARN_DOCUMENTATION_COMMENTS = YES;
				CLANG_WARN_EMPTY_BODY = YES;
				CLANG_WARN_ENUM_CONVERSION = YES;
				CLANG_WARN_INFINITE_RECURSION = YES;
				CLANG_WARN_INT_CONVERSION = YES;
				CLANG_WARN_NON_LITERAL_NULL_CONVERSION = YES;
				CLANG_WARN_OBJC_IMPLICIT_RETAIN_SELF = YES;
				CLANG_WARN_OBJC_LITERAL_CONVERSION = YES;
				CLANG_WARN_OBJC_ROOT_CLASS = YES_ERROR;
				CLANG_WARN_QUOTED_INCLUDE_IN_FRAMEWORK_HEADER = YES;
				CLANG_WARN_RANGE_LOOP_ANALYSIS = YES;
				CLANG_WARN_STRICT_PROTOTYPES = YES;
				CLANG_WARN_SUSPICIOUS_MOVE = YES;
				CLANG_WARN_UNGUARDED_AVAILABILITY = YES_AGGRESSIVE;
				CLANG_WARN_UNREACHABLE_CODE = YES;
				CLANG_WARN__DUPLICATE_METHOD_MATCH = YES;
				COPY_PHASE_STRIP = NO;
				DEBUG_INFORMATION_FORMAT = dwarf;
				ENABLE_STRICT_OBJC_MSGSEND = YES;
				ENABLE_TESTABILITY = YES;
				GCC_C_LANGUAGE_STANDARD = gnu11;
				GCC_DYNAMIC_NO_PIC = NO;
				GCC_NO_COMMON_BLOCKS = YES;
				GCC_OPTIMIZATION_LEVEL = 0;
				GCC_PREPROCESSOR_DEFINITIONS = (
					"DEBUG=1",
					"$(inherited)",
				);
				GCC_WARN_64_TO_32_BIT_CONVERSION = YES;
				GCC_WARN_ABOUT_RETURN_TYPE = YES_ERROR;
				GCC_WARN_UNDECLARED_SELECTOR = YES;
				GCC_WARN_UNINITIALIZED_AUTOS = YES_AGGRESSIVE;
				GCC_WARN_UNUSED_FUNCTION = YES;
				GCC_WARN_UNUSED_VARIABLE = YES;
				MACOSX_DEPLOYMENT_TARGET = 13.3;
				MTL_ENABLE_DEBUG_INFO = INCLUDE_SOURCE;
				MTL_FAST_MATH = YES;
				ONLY_ACTIVE_ARCH = YES;
				SDKROOT = macosx;
				SWIFT_ACTIVE_COMPILATION_CONDITIONS = DEBUG;
				SWIFT_OPTIMIZATION_LEVEL = "-Onone";
			};
			name = Debug;
		};
		93146B492A093E1000964F9E /* Release */ = {
			isa = XCBuildConfiguration;
			buildSettings = {
				ALWAYS_SEARCH_USER_PATHS = NO;
				CLANG_ANALYZER_NONNULL = YES;
				CLANG_ANALYZER_NUMBER_OBJECT_CONVERSION = YES_AGGRESSIVE;
				CLANG_CXX_LANGUAGE_STANDARD = "gnu++20";
				CLANG_ENABLE_MODULES = YES;
				CLANG_ENABLE_OBJC_ARC = YES;
				CLANG_ENABLE_OBJC_WEAK = YES;
				CLANG_WARN_BLOCK_CAPTURE_AUTORELEASING = YES;
				CLANG_WARN_BOOL_CONVERSION = YES;
				CLANG_WARN_COMMA = YES;
				CLANG_WARN_CONSTANT_CONVERSION = YES;
				CLANG_WARN_DEPRECATED_OBJC_IMPLEMENTATIONS = YES;
				CLANG_WARN_DIRECT_OBJC_ISA_USAGE = YES_ERROR;
				CLANG_WARN_DOCUMENTATION_COMMENTS = YES;
				CLANG_WARN_EMPTY_BODY = YES;
				CLANG_WARN_ENUM_CONVERSION = YES;
				CLANG_WARN_INFINITE_RECURSION = YES;
				CLANG_WARN_INT_CONVERSION = YES;
				CLANG_WARN_NON_LITERAL_NULL_CONVERSION = YES;
				CLANG_WARN_OBJC_IMPLICIT_RETAIN_SELF = YES;
				CLANG_WARN_OBJC_LITERAL_CONVERSION = YES;
				CLANG_WARN_OBJC_ROOT_CLASS = YES_ERROR;
				CLANG_WARN_QUOTED_INCLUDE_IN_FRAMEWORK_HEADER = YES;
				CLANG_WARN_RANGE_LOOP_ANALYSIS = YES;
				CLANG_WARN_STRICT_PROTOTYPES = YES;
				CLANG_WARN_SUSPICIOUS_MOVE = YES;
				CLANG_WARN_UNGUARDED_AVAILABILITY = YES_AGGRESSIVE;
				CLANG_WARN_UNREACHABLE_CODE = YES;
				CLANG_WARN__DUPLICATE_METHOD_MATCH = YES;
				COPY_PHASE_STRIP = NO;
				DEBUG_INFORMATION_FORMAT = "dwarf-with-dsym";
				ENABLE_NS_ASSERTIONS = NO;
				ENABLE_STRICT_OBJC_MSGSEND = YES;
				GCC_C_LANGUAGE_STANDARD = gnu11;
				GCC_NO_COMMON_BLOCKS = YES;
				GCC_WARN_64_TO_32_BIT_CONVERSION = YES;
				GCC_WARN_ABOUT_RETURN_TYPE = YES_ERROR;
				GCC_WARN_UNDECLARED_SELECTOR = YES;
				GCC_WARN_UNINITIALIZED_AUTOS = YES_AGGRESSIVE;
				GCC_WARN_UNUSED_FUNCTION = YES;
				GCC_WARN_UNUSED_VARIABLE = YES;
				MACOSX_DEPLOYMENT_TARGET = 13.3;
				MTL_ENABLE_DEBUG_INFO = NO;
				MTL_FAST_MATH = YES;
				SDKROOT = macosx;
				SWIFT_COMPILATION_MODE = wholemodule;
				SWIFT_OPTIMIZATION_LEVEL = "-O";
			};
			name = Release;
		};
		93146B4B2A093E1000964F9E /* Debug */ = {
			isa = XCBuildConfiguration;
			buildSettings = {
				ASSETCATALOG_COMPILER_APPICON_NAME = AppIcon;
				ASSETCATALOG_COMPILER_GLOBAL_ACCENT_COLOR_NAME = AccentColor;
				CODE_SIGN_ENTITLEMENTS = Halte/Halte.entitlements;
				CODE_SIGN_STYLE = Automatic;
				COMBINE_HIDPI_IMAGES = YES;
				CURRENT_PROJECT_VERSION = 1;
				DEVELOPMENT_ASSET_PATHS = "\"Halte/Preview Content\"";
				DEVELOPMENT_TEAM = XZ4GRVL37K;
				ENABLE_HARDENED_RUNTIME = YES;
				ENABLE_PREVIEWS = YES;
				GENERATE_INFOPLIST_FILE = YES;
				INFOPLIST_KEY_NSHumanReadableCopyright = "";
				LD_RUNPATH_SEARCH_PATHS = (
					"$(inherited)",
					"@executable_path/../Frameworks",
				);
				MARKETING_VERSION = 1.0;
				PRODUCT_BUNDLE_IDENTIFIER = nl.keesvv.Halte;
				PRODUCT_NAME = "$(TARGET_NAME)";
				SWIFT_EMIT_LOC_STRINGS = YES;
				SWIFT_VERSION = 5.0;
			};
			name = Debug;
		};
		93146B4C2A093E1000964F9E /* Release */ = {
			isa = XCBuildConfiguration;
			buildSettings = {
				ASSETCATALOG_COMPILER_APPICON_NAME = AppIcon;
				ASSETCATALOG_COMPILER_GLOBAL_ACCENT_COLOR_NAME = AccentColor;
				CODE_SIGN_ENTITLEMENTS = Halte/Halte.entitlements;
				CODE_SIGN_STYLE = Automatic;
				COMBINE_HIDPI_IMAGES = YES;
				CURRENT_PROJECT_VERSION = 1;
				DEVELOPMENT_ASSET_PATHS = "\"Halte/Preview Content\"";
				DEVELOPMENT_TEAM = XZ4GRVL37K;
				ENABLE_HARDENED_RUNTIME = YES;
				ENABLE_PREVIEWS = YES;
				GENERATE_INFOPLIST_FILE = YES;
				INFOPLIST_KEY_NSHumanReadableCopyright = "";
				LD_RUNPATH_SEARCH_PATHS = (
					"$(inherited)",
					"@executable_path/../Frameworks",
				);
				MARKETING_VERSION = 1.0;
				PRODUCT_BUNDLE_IDENTIFIER = nl.keesvv.Halte;
				PRODUCT_NAME = "$(TARGET_NAME)";
				SWIFT_EMIT_LOC_STRINGS = YES;
				SWIFT_VERSION = 5.0;
			};
			name = Release;
		};
		93146B4E2A093E1000964F9E /* Debug */ = {
			isa = XCBuildConfiguration;
			buildSettings = {
				ALWAYS_EMBED_SWIFT_STANDARD_LIBRARIES = YES;
				BUNDLE_LOADER = "$(TEST_HOST)";
				CODE_SIGN_STYLE = Automatic;
				CURRENT_PROJECT_VERSION = 1;
				DEVELOPMENT_TEAM = XZ4GRVL37K;
				GENERATE_INFOPLIST_FILE = YES;
				MACOSX_DEPLOYMENT_TARGET = 13.3;
				MARKETING_VERSION = 1.0;
				PRODUCT_BUNDLE_IDENTIFIER = nl.keesvv.HalteTests;
				PRODUCT_NAME = "$(TARGET_NAME)";
				SWIFT_EMIT_LOC_STRINGS = NO;
				SWIFT_VERSION = 5.0;
				TEST_HOST = "$(BUILT_PRODUCTS_DIR)/Halte.app/$(BUNDLE_EXECUTABLE_FOLDER_PATH)/Halte";
			};
			name = Debug;
		};
		93146B4F2A093E1000964F9E /* Release */ = {
			isa = XCBuildConfiguration;
			buildSettings = {
				ALWAYS_EMBED_SWIFT_STANDARD_LIBRARIES = YES;
				BUNDLE_LOADER = "$(TEST_HOST)";
				CODE_SIGN_STYLE = Automatic;
				CURRENT_PROJECT_VERSION = 1;
				DEVELOPMENT_TEAM = XZ4GRVL37K;
				GENERATE_INFOPLIST_FILE = YES;
				MACOSX_DEPLOYMENT_TARGET = 13.3;
				MARKETING_VERSION = 1.0;
				PRODUCT_BUNDLE_IDENTIFIER = nl.keesvv.HalteTests;
				PRODUCT_NAME = "$(TARGET_NAME)";
				SWIFT_EMIT_LOC_STRINGS = NO;
				SWIFT_VERSION = 5.0;
				TEST_HOST = "$(BUILT_PRODUCTS_DIR)/Halte.app/$(BUNDLE_EXECUTABLE_FOLDER_PATH)/Halte";
			};
			name = Release;
		};
		93146B512A093E1000964F9E /* Debug */ = {
			isa = XCBuildConfiguration;
			buildSettings = {
				ALWAYS_EMBED_SWIFT_STANDARD_LIBRARIES = YES;
				CODE_SIGN_STYLE = Automatic;
				CURRENT_PROJECT_VERSION = 1;
				DEVELOPMENT_TEAM = XZ4GRVL37K;
				GENERATE_INFOPLIST_FILE = YES;
				MARKETING_VERSION = 1.0;
				PRODUCT_BUNDLE_IDENTIFIER = nl.keesvv.HalteUITests;
				PRODUCT_NAME = "$(TARGET_NAME)";
				SWIFT_EMIT_LOC_STRINGS = NO;
				SWIFT_VERSION = 5.0;
				TEST_TARGET_NAME = Halte;
			};
			name = Debug;
		};
		93146B522A093E1000964F9E /* Release */ = {
			isa = XCBuildConfiguration;
			buildSettings = {
				ALWAYS_EMBED_SWIFT_STANDARD_LIBRARIES = YES;
				CODE_SIGN_STYLE = Automatic;
				CURRENT_PROJECT_VERSION = 1;
				DEVELOPMENT_TEAM = XZ4GRVL37K;
				GENERATE_INFOPLIST_FILE = YES;
				MARKETING_VERSION = 1.0;
				PRODUCT_BUNDLE_IDENTIFIER = nl.keesvv.HalteUITests;
				PRODUCT_NAME = "$(TARGET_NAME)";
				SWIFT_EMIT_LOC_STRINGS = NO;
				SWIFT_VERSION = 5.0;
				TEST_TARGET_NAME = Halte;
			};
			name = Release;
		};
/* End XCBuildConfiguration section */

/* Begin XCConfigurationList section */
		93146B202A093E0F00964F9E /* Build configuration list for PBXProject "Halte" */ = {
			isa = XCConfigurationList;
			buildConfigurations = (
				93146B482A093E1000964F9E /* Debug */,
				93146B492A093E1000964F9E /* Release */,
			);
			defaultConfigurationIsVisible = 0;
			defaultConfigurationName = Release;
		};
		93146B4A2A093E1000964F9E /* Build configuration list for PBXNativeTarget "Halte" */ = {
			isa = XCConfigurationList;
			buildConfigurations = (
				93146B4B2A093E1000964F9E /* Debug */,
				93146B4C2A093E1000964F9E /* Release */,
			);
			defaultConfigurationIsVisible = 0;
			defaultConfigurationName = Release;
		};
		93146B4D2A093E1000964F9E /* Build configuration list for PBXNativeTarget "HalteTests" */ = {
			isa = XCConfigurationList;
			buildConfigurations = (
				93146B4E2A093E1000964F9E /* Debug */,
				93146B4F2A093E1000964F9E /* Release */,
			);
			defaultConfigurationIsVisible = 0;
			defaultConfigurationName = Release;
		};
		93146B502A093E1000964F9E /* Build configuration list for PBXNativeTarget "HalteUITests" */ = {
			isa = XCConfigurationList;
			buildConfigurations = (
				93146B512A093E1000964F9E /* Debug */,
				93146B522A093E1000964F9E /* Release */,
			);
			defaultConfigurationIsVisible = 0;
			defaultConfigurationName = Release;
		};
/* End XCConfigurationList section */
	};
	rootObject = 93146B1D2A093E0F00964F9E /* Project object */;
}
